
Microsoft Visual Studio Solution File, Format Version 12.00
# Visual Studio Version 17
VisualStudioVersion = 17.0.31903.59
MinimumVisualStudioVersion = 10.0.40219.1
Project("{2150E333-8FDC-42A3-9474-1A3956D46DE8}") = "src", "src", "{827E0CD3-B72D-47B6-A68D-7590B98EB39B}"
EndProject
Project("{FAE04EC0-301F-11D3-BF4B-00C04F79EFBC}") = "OpenAgent.Contracts", "src\OpenAgent.Contracts\OpenAgent.Contracts.csproj", "{FA3675CE-51A4-4A92-8D8A-6B47CE450449}"
EndProject
Project("{FAE04EC0-301F-11D3-BF4B-00C04F79EFBC}") = "OpenAgent.Core", "src\OpenAgent.Core\OpenAgent.Core.csproj", "{DC2D9BCE-4EEB-42D0-B4E1-C0AE3C74E66E}"
EndProject
Project("{FAE04EC0-301F-11D3-BF4B-00C04F79EFBC}") = "OpenAgent.Engine", "src\OpenAgent.Engine\OpenAgent.Engine.csproj", "{C1964D0D-6488-4BAC-B9F3-D19A4620F973}"
EndProject
Project("{FAE04EC0-301F-11D3-BF4B-00C04F79EFBC}") = "OpenAgent.Engine.Host", "src\OpenAgent.Engine.Host\OpenAgent.Engine.Host.csproj", "{36DED676-49D6-4BAE-B7F6-47872EDA47B8}"
EndProject
Project("{FAE04EC0-301F-11D3-BF4B-00C04F79EFBC}") = "OpenAgent.Hosting", "src\OpenAgent.Hosting\OpenAgent.Hosting.csproj", "{06E2D454-0F34-45F1-8A1E-22EE21F7E3BF}"
EndProject
Project("{2150E333-8FDC-42A3-9474-1A3956D46DE8}") = "tests", "tests", "{0AB3BF05-4346-4AA6-1389-037BE0695223}"
EndProject
Project("{FAE04EC0-301F-11D3-BF4B-00C04F79EFBC}") = "OpenAgent.Core.Tests", "tests\OpenAgent.Core.Tests\OpenAgent.Core.Tests.csproj", "{93A217F5-E9A4-474F-960F-ACB886E2ABD9}"
EndProject
Project("{FAE04EC0-301F-11D3-BF4B-00C04F79EFBC}") = "OpenAgent.Engine.Tests", "tests\OpenAgent.Engine.Tests\OpenAgent.Engine.Tests.csproj", "{2EEF5971-E0AE-4361-AA17-9BA8C72CE60B}"
EndProject
Project("{FAE04EC0-301F-11D3-BF4B-00C04F79EFBC}") = "OpenAgent.Hosting.Tests", "tests\OpenAgent.Hosting.Tests\OpenAgent.Hosting.Tests.csproj", "{2CD1D8F5-34A1-4470-8863-561A9FE40897}"
EndProject
Project("{FAE04EC0-301F-11D3-BF4B-00C04F79EFBC}") = "OpenAgent.Router", "src\OpenAgent.Router\OpenAgent.Router.csproj", "{9DB5C945-FD1F-4462-B6F3-471BA8F1D78F}"
EndProject
Project("{FAE04EC0-301F-11D3-BF4B-00C04F79EFBC}") = "OpenAgent.Router.Tests", "tests\OpenAgent.Router.Tests\OpenAgent.Router.Tests.csproj", "{F3E69368-7575-41CE-A555-C0C91E821B32}"
EndProject
Project("{FAE04EC0-301F-11D3-BF4B-00C04F79EFBC}") = "OpenAgent.Contracts.Tests", "tests\OpenAgent.Contracts.Tests\OpenAgent.Contracts.Tests.csproj", "{D44B6C58-336C-41F9-868E-6451F852997E}"
EndProject
Project("{FAE04EC0-301F-11D3-BF4B-00C04F79EFBC}") = "OpenAgent.Architecture.Tests", "tests\OpenAgent.Architecture.Tests\OpenAgent.Architecture.Tests.csproj", "{2B0A0C15-B127-4BCE-AE1E-FB1A5C1D247D}"
EndProject
Project("{FAE04EC0-301F-11D3-BF4B-00C04F79EFBC}") = "OpenAgent.Infrastructure", "src\OpenAgent.Infrastructure\OpenAgent.Infrastructure.csproj", "{D5C62D45-1A0B-4FBC-962B-738EFCA8C530}"
EndProject
Project("{FAE04EC0-301F-11D3-BF4B-00C04F79EFBC}") = "OpenAgent.Infrastructure.Tests", "tests\OpenAgent.Infrastructure.Tests\OpenAgent.Infrastructure.Tests.csproj", "{ADC2646A-65A7-4D93-8BD7-9A8E833F3B39}"
EndProject
Project("{FAE04EC0-301F-11D3-BF4B-00C04F79EFBC}") = "OpenAgent.SkillSandbox.Host", "src\OpenAgent.SkillSandbox.Host\OpenAgent.SkillSandbox.Host.csproj", "{996C08F3-14CD-49BF-8836-3B72BC0CFC8E}"
EndProject
Project("{FAE04EC0-301F-11D3-BF4B-00C04F79EFBC}") = "OpenAgent.SkillSandbox.Tests", "tests\OpenAgent.SkillSandbox.Tests\OpenAgent.SkillSandbox.Tests.csproj", "{91AB9682-EFA0-4159-8D5B-0B025308DB4D}"
EndProject
Project("{FAE04EC0-301F-11D3-BF4B-00C04F79EFBC}") = "OpenAgent.E2E.Fixtures", "tests\OpenAgent.E2E.Fixtures\OpenAgent.E2E.Fixtures.csproj", "{8BA8B4AD-2927-458B-8F2B-1A43E1F0DD73}"
EndProject
Global
	GlobalSection(SolutionConfigurationPlatforms) = preSolution
		Debug|Any CPU = Debug|Any CPU
		Debug|x64 = Debug|x64
		Debug|x86 = Debug|x86
		Release|Any CPU = Release|Any CPU
		Release|x64 = Release|x64
		Release|x86 = Release|x86
	EndGlobalSection
	GlobalSection(ProjectConfigurationPlatforms) = postSolution
		{FA3675CE-51A4-4A92-8D8A-6B47CE450449}.Debug|Any CPU.ActiveCfg = Debug|Any CPU
		{FA3675CE-51A4-4A92-8D8A-6B47CE450449}.Debug|Any CPU.Build.0 = Debug|Any CPU
		{FA3675CE-51A4-4A92-8D8A-6B47CE450449}.Debug|x64.ActiveCfg = Debug|Any CPU
		{FA3675CE-51A4-4A92-8D8A-6B47CE450449}.Debug|x64.Build.0 = Debug|Any CPU
		{FA3675CE-51A4-4A92-8D8A-6B47CE450449}.Debug|x86.ActiveCfg = Debug|Any CPU
		{FA3675CE-51A4-4A92-8D8A-6B47CE450449}.Debug|x86.Build.0 = Debug|Any CPU
		{FA3675CE-51A4-4A92-8D8A-6B47CE450449}.Release|Any CPU.ActiveCfg = Release|Any CPU
		{FA3675CE-51A4-4A92-8D8A-6B47CE450449}.Release|Any CPU.Build.0 = Release|Any CPU
		{FA3675CE-51A4-4A92-8D8A-6B47CE450449}.Release|x64.ActiveCfg = Release|Any CPU
		{FA3675CE-51A4-4A92-8D8A-6B47CE450449}.Release|x64.Build.0 = Release|Any CPU
		{FA3675CE-51A4-4A92-8D8A-6B47CE450449}.Release|x86.ActiveCfg = Release|Any CPU
		{FA3675CE-51A4-4A92-8D8A-6B47CE450449}.Release|x86.Build.0 = Release|Any CPU
		{DC2D9BCE-4EEB-42D0-B4E1-C0AE3C74E66E}.Debug|Any CPU.ActiveCfg = Debug|Any CPU
		{DC2D9BCE-4EEB-42D0-B4E1-C0AE3C74E66E}.Debug|Any CPU.Build.0 = Debug|Any CPU
		{DC2D9BCE-4EEB-42D0-B4E1-C0AE3C74E66E}.Debug|x64.ActiveCfg = Debug|Any CPU
		{DC2D9BCE-4EEB-42D0-B4E1-C0AE3C74E66E}.Debug|x64.Build.0 = Debug|Any CPU
		{DC2D9BCE-4EEB-42D0-B4E1-C0AE3C74E66E}.Debug|x86.ActiveCfg = Debug|Any CPU
		{DC2D9BCE-4EEB-42D0-B4E1-C0AE3C74E66E}.Debug|x86.Build.0 = Debug|Any CPU
		{DC2D9BCE-4EEB-42D0-B4E1-C0AE3C74E66E}.Release|Any CPU.ActiveCfg = Release|Any CPU
		{DC2D9BCE-4EEB-42D0-B4E1-C0AE3C74E66E}.Release|Any CPU.Build.0 = Release|Any CPU
		{DC2D9BCE-4EEB-42D0-B4E1-C0AE3C74E66E}.Release|x64.ActiveCfg = Release|Any CPU
		{DC2D9BCE-4EEB-42D0-B4E1-C0AE3C74E66E}.Release|x64.Build.0 = Release|Any CPU
		{DC2D9BCE-4EEB-42D0-B4E1-C0AE3C74E66E}.Release|x86.ActiveCfg = Release|Any CPU
		{DC2D9BCE-4EEB-42D0-B4E1-C0AE3C74E66E}.Release|x86.Build.0 = Release|Any CPU
		{C1964D0D-6488-4BAC-B9F3-D19A4620F973}.Debug|Any CPU.ActiveCfg = Debug|Any CPU
		{C1964D0D-6488-4BAC-B9F3-D19A4620F973}.Debug|Any CPU.Build.0 = Debug|Any CPU
		{C1964D0D-6488-4BAC-B9F3-D19A4620F973}.Debug|x64.ActiveCfg = Debug|Any CPU
		{C1964D0D-6488-4BAC-B9F3-D19A4620F973}.Debug|x64.Build.0 = Debug|Any CPU
		{C1964D0D-6488-4BAC-B9F3-D19A4620F973}.Debug|x86.ActiveCfg = Debug|Any CPU
		{C1964D0D-6488-4BAC-B9F3-D19A4620F973}.Debug|x86.Build.0 = Debug|Any CPU
		{C1964D0D-6488-4BAC-B9F3-D19A4620F973}.Release|Any CPU.ActiveCfg = Release|Any CPU
		{C1964D0D-6488-4BAC-B9F3-D19A4620F973}.Release|Any CPU.Build.0 = Release|Any CPU
		{C1964D0D-6488-4BAC-B9F3-D19A4620F973}.Release|x64.ActiveCfg = Release|Any CPU
		{C1964D0D-6488-4BAC-B9F3-D19A4620F973}.Release|x64.Build.0 = Release|Any CPU
		{C1964D0D-6488-4BAC-B9F3-D19A4620F973}.Release|x86.ActiveCfg = Release|Any CPU
		{C1964D0D-6488-4BAC-B9F3-D19A4620F973}.Release|x86.Build.0 = Release|Any CPU
		{36DED676-49D6-4BAE-B7F6-47872EDA47B8}.Debug|Any CPU.ActiveCfg = Debug|Any CPU
		{36DED676-49D6-4BAE-B7F6-47872EDA47B8}.Debug|Any CPU.Build.0 = Debug|Any CPU
		{36DED676-49D6-4BAE-B7F6-47872EDA47B8}.Debug|x64.ActiveCfg = Debug|Any CPU
		{36DED676-49D6-4BAE-B7F6-47872EDA47B8}.Debug|x64.Build.0 = Debug|Any CPU
		{36DED676-49D6-4BAE-B7F6-47872EDA47B8}.Debug|x86.ActiveCfg = Debug|Any CPU
		{36DED676-49D6-4BAE-B7F6-47872EDA47B8}.Debug|x86.Build.0 = Debug|Any CPU
		{36DED676-49D6-4BAE-B7F6-47872EDA47B8}.Release|Any CPU.ActiveCfg = Release|Any CPU
		{36DED676-49D6-4BAE-B7F6-47872EDA47B8}.Release|Any CPU.Build.0 = Release|Any CPU
		{36DED676-49D6-4BAE-B7F6-47872EDA47B8}.Release|x64.ActiveCfg = Release|Any CPU
		{36DED676-49D6-4BAE-B7F6-47872EDA47B8}.Release|x64.Build.0 = Release|Any CPU
		{36DED676-49D6-4BAE-B7F6-47872EDA47B8}.Release|x86.ActiveCfg = Release|Any CPU
		{36DED676-49D6-4BAE-B7F6-47872EDA47B8}.Release|x86.Build.0 = Release|Any CPU
		{06E2D454-0F34-45F1-8A1E-22EE21F7E3BF}.Debug|Any CPU.ActiveCfg = Debug|Any CPU
		{06E2D454-0F34-45F1-8A1E-22EE21F7E3BF}.Debug|Any CPU.Build.0 = Debug|Any CPU
		{06E2D454-0F34-45F1-8A1E-22EE21F7E3BF}.Debug|x64.ActiveCfg = Debug|Any CPU
		{06E2D454-0F34-45F1-8A1E-22EE21F7E3BF}.Debug|x64.Build.0 = Debug|Any CPU
		{06E2D454-0F34-45F1-8A1E-22EE21F7E3BF}.Debug|x86.ActiveCfg = Debug|Any CPU
		{06E2D454-0F34-45F1-8A1E-22EE21F7E3BF}.Debug|x86.Build.0 = Debug|Any CPU
		{06E2D454-0F34-45F1-8A1E-22EE21F7E3BF}.Release|Any CPU.ActiveCfg = Release|Any CPU
		{06E2D454-0F34-45F1-8A1E-22EE21F7E3BF}.Release|Any CPU.Build.0 = Release|Any CPU
		{06E2D454-0F34-45F1-8A1E-22EE21F7E3BF}.Release|x64.ActiveCfg = Release|Any CPU
		{06E2D454-0F34-45F1-8A1E-22EE21F7E3BF}.Release|x64.Build.0 = Release|Any CPU
		{06E2D454-0F34-45F1-8A1E-22EE21F7E3BF}.Release|x86.ActiveCfg = Release|Any CPU
		{06E2D454-0F34-45F1-8A1E-22EE21F7E3BF}.Release|x86.Build.0 = Release|Any CPU
		{93A217F5-E9A4-474F-960F-ACB886E2ABD9}.Debug|Any CPU.ActiveCfg = Debug|Any CPU
		{93A217F5-E9A4-474F-960F-ACB886E2ABD9}.Debug|Any CPU.Build.0 = Debug|Any CPU
		{93A217F5-E9A4-474F-960F-ACB886E2ABD9}.Debug|x64.ActiveCfg = Debug|Any CPU
		{93A217F5-E9A4-474F-960F-ACB886E2ABD9}.Debug|x64.Build.0 = Debug|Any CPU
		{93A217F5-E9A4-474F-960F-ACB886E2ABD9}.Debug|x86.ActiveCfg = Debug|Any CPU
		{93A217F5-E9A4-474F-960F-ACB886E2ABD9}.Debug|x86.Build.0 = Debug|Any CPU
		{93A217F5-E9A4-474F-960F-ACB886E2ABD9}.Release|Any CPU.ActiveCfg = Release|Any CPU
		{93A217F5-E9A4-474F-960F-ACB886E2ABD9}.Release|Any CPU.Build.0 = Release|Any CPU
		{93A217F5-E9A4-474F-960F-ACB886E2ABD9}.Release|x64.ActiveCfg = Release|Any CPU
		{93A217F5-E9A4-474F-960F-ACB886E2ABD9}.Release|x64.Build.0 = Release|Any CPU
		{93A217F5-E9A4-474F-960F-ACB886E2ABD9}.Release|x86.ActiveCfg = Release|Any CPU
		{93A217F5-E9A4-474F-960F-ACB886E2ABD9}.Release|x86.Build.0 = Release|Any CPU
		{2EEF5971-E0AE-4361-AA17-9BA8C72CE60B}.Debug|Any CPU.ActiveCfg = Debug|Any CPU
		{2EEF5971-E0AE-4361-AA17-9BA8C72CE60B}.Debug|Any CPU.Build.0 = Debug|Any CPU
		{2EEF5971-E0AE-4361-AA17-9BA8C72CE60B}.Debug|x64.ActiveCfg = Debug|Any CPU
		{2EEF5971-E0AE-4361-AA17-9BA8C72CE60B}.Debug|x64.Build.0 = Debug|Any CPU
		{2EEF5971-E0AE-4361-AA17-9BA8C72CE60B}.Debug|x86.ActiveCfg = Debug|Any CPU
		{2EEF5971-E0AE-4361-AA17-9BA8C72CE60B}.Debug|x86.Build.0 = Debug|Any CPU
		{2EEF5971-E0AE-4361-AA17-9BA8C72CE60B}.Release|Any CPU.ActiveCfg = Release|Any CPU
		{2EEF5971-E0AE-4361-AA17-9BA8C72CE60B}.Release|Any CPU.Build.0 = Release|Any CPU
		{2EEF5971-E0AE-4361-AA17-9BA8C72CE60B}.Release|x64.ActiveCfg = Release|Any CPU
		{2EEF5971-E0AE-4361-AA17-9BA8C72CE60B}.Release|x64.Build.0 = Release|Any CPU
		{2EEF5971-E0AE-4361-AA17-9BA8C72CE60B}.Release|x86.ActiveCfg = Release|Any CPU
		{2EEF5971-E0AE-4361-AA17-9BA8C72CE60B}.Release|x86.Build.0 = Release|Any CPU
		{2CD1D8F5-34A1-4470-8863-561A9FE40897}.Debug|Any CPU.ActiveCfg = Debug|Any CPU
		{2CD1D8F5-34A1-4470-8863-561A9FE40897}.Debug|Any CPU.Build.0 = Debug|Any CPU
		{2CD1D8F5-34A1-4470-8863-561A9FE40897}.Debug|x64.ActiveCfg = Debug|Any CPU
		{2CD1D8F5-34A1-4470-8863-561A9FE40897}.Debug|x64.Build.0 = Debug|Any CPU
		{2CD1D8F5-34A1-4470-8863-561A9FE40897}.Debug|x86.ActiveCfg = Debug|Any CPU
		{2CD1D8F5-34A1-4470-8863-561A9FE40897}.Debug|x86.Build.0 = Debug|Any CPU
		{2CD1D8F5-34A1-4470-8863-561A9FE40897}.Release|Any CPU.ActiveCfg = Release|Any CPU
		{2CD1D8F5-34A1-4470-8863-561A9FE40897}.Release|Any CPU.Build.0 = Release|Any CPU
		{2CD1D8F5-34A1-4470-8863-561A9FE40897}.Release|x64.ActiveCfg = Release|Any CPU
		{2CD1D8F5-34A1-4470-8863-561A9FE40897}.Release|x64.Build.0 = Release|Any CPU
		{2CD1D8F5-34A1-4470-8863-561A9FE40897}.Release|x86.ActiveCfg = Release|Any CPU
		{2CD1D8F5-34A1-4470-8863-561A9FE40897}.Release|x86.Build.0 = Release|Any CPU
		{9DB5C945-FD1F-4462-B6F3-471BA8F1D78F}.Debug|Any CPU.ActiveCfg = Debug|Any CPU
		{9DB5C945-FD1F-4462-B6F3-471BA8F1D78F}.Debug|Any CPU.Build.0 = Debug|Any CPU
		{9DB5C945-FD1F-4462-B6F3-471BA8F1D78F}.Debug|x64.ActiveCfg = Debug|Any CPU
		{9DB5C945-FD1F-4462-B6F3-471BA8F1D78F}.Debug|x64.Build.0 = Debug|Any CPU
		{9DB5C945-FD1F-4462-B6F3-471BA8F1D78F}.Debug|x86.ActiveCfg = Debug|Any CPU
		{9DB5C945-FD1F-4462-B6F3-471BA8F1D78F}.Debug|x86.Build.0 = Debug|Any CPU
		{9DB5C945-FD1F-4462-B6F3-471BA8F1D78F}.Release|Any CPU.ActiveCfg = Release|Any CPU
		{9DB5C945-FD1F-4462-B6F3-471BA8F1D78F}.Release|Any CPU.Build.0 = Release|Any CPU
		{9DB5C945-FD1F-4462-B6F3-471BA8F1D78F}.Release|x64.ActiveCfg = Release|Any CPU
		{9DB5C945-FD1F-4462-B6F3-471BA8F1D78F}.Release|x64.Build.0 = Release|Any CPU
		{9DB5C945-FD1F-4462-B6F3-471BA8F1D78F}.Release|x86.ActiveCfg = Release|Any CPU
		{9DB5C945-FD1F-4462-B6F3-471BA8F1D78F}.Release|x86.Build.0 = Release|Any CPU
		{F3E69368-7575-41CE-A555-C0C91E821B32}.Debug|Any CPU.ActiveCfg = Debug|Any CPU
		{F3E69368-7575-41CE-A555-C0C91E821B32}.Debug|Any CPU.Build.0 = Debug|Any CPU
		{F3E69368-7575-41CE-A555-C0C91E821B32}.Debug|x64.ActiveCfg = Debug|Any CPU
		{F3E69368-7575-41CE-A555-C0C91E821B32}.Debug|x64.Build.0 = Debug|Any CPU
		{F3E69368-7575-41CE-A555-C0C91E821B32}.Debug|x86.ActiveCfg = Debug|Any CPU
		{F3E69368-7575-41CE-A555-C0C91E821B32}.Debug|x86.Build.0 = Debug|Any CPU
		{F3E69368-7575-41CE-A555-C0C91E821B32}.Release|Any CPU.ActiveCfg = Release|Any CPU
		{F3E69368-7575-41CE-A555-C0C91E821B32}.Release|Any CPU.Build.0 = Release|Any CPU
		{F3E69368-7575-41CE-A555-C0C91E821B32}.Release|x64.ActiveCfg = Release|Any CPU
		{F3E69368-7575-41CE-A555-C0C91E821B32}.Release|x64.Build.0 = Release|Any CPU
		{F3E69368-7575-41CE-A555-C0C91E821B32}.Release|x86.ActiveCfg = Release|Any CPU
		{F3E69368-7575-41CE-A555-C0C91E821B32}.Release|x86.Build.0 = Release|Any CPU
		{D44B6C58-336C-41F9-868E-6451F852997E}.Debug|Any CPU.ActiveCfg = Debug|Any CPU
		{D44B6C58-336C-41F9-868E-6451F852997E}.Debug|Any CPU.Build.0 = Debug|Any CPU
		{D44B6C58-336C-41F9-868E-6451F852997E}.Debug|x64.ActiveCfg = Debug|Any CPU
		{D44B6C58-336C-41F9-868E-6451F852997E}.Debug|x64.Build.0 = Debug|Any CPU
		{D44B6C58-336C-41F9-868E-6451F852997E}.Debug|x86.ActiveCfg = Debug|Any CPU
		{D44B6C58-336C-41F9-868E-6451F852997E}.Debug|x86.Build.0 = Debug|Any CPU
		{D44B6C58-336C-41F9-868E-6451F852997E}.Release|Any CPU.ActiveCfg = Release|Any CPU
		{D44B6C58-336C-41F9-868E-6451F852997E}.Release|Any CPU.Build.0 = Release|Any CPU
		{D44B6C58-336C-41F9-868E-6451F852997E}.Release|x64.ActiveCfg = Release|Any CPU
		{D44B6C58-336C-41F9-868E-6451F852997E}.Release|x64.Build.0 = Release|Any CPU
		{D44B6C58-336C-41F9-868E-6451F852997E}.Release|x86.ActiveCfg = Release|Any CPU
		{D44B6C58-336C-41F9-868E-6451F852997E}.Release|x86.Build.0 = Release|Any CPU
		{2B0A0C15-B127-4BCE-AE1E-FB1A5C1D247D}.Debug|Any CPU.ActiveCfg = Debug|Any CPU
		{2B0A0C15-B127-4BCE-AE1E-FB1A5C1D247D}.Debug|Any CPU.Build.0 = Debug|Any CPU
		{2B0A0C15-B127-4BCE-AE1E-FB1A5C1D247D}.Debug|x64.ActiveCfg = Debug|Any CPU
		{2B0A0C15-B127-4BCE-AE1E-FB1A5C1D247D}.Debug|x64.Build.0 = Debug|Any CPU
		{2B0A0C15-B127-4BCE-AE1E-FB1A5C1D247D}.Debug|x86.ActiveCfg = Debug|Any CPU
		{2B0A0C15-B127-4BCE-AE1E-FB1A5C1D247D}.Debug|x86.Build.0 = Debug|Any CPU
		{2B0A0C15-B127-4BCE-AE1E-FB1A5C1D247D}.Release|Any CPU.ActiveCfg = Release|Any CPU
		{2B0A0C15-B127-4BCE-AE1E-FB1A5C1D247D}.Release|Any CPU.Build.0 = Release|Any CPU
		{2B0A0C15-B127-4BCE-AE1E-FB1A5C1D247D}.Release|x64.ActiveCfg = Release|Any CPU
		{2B0A0C15-B127-4BCE-AE1E-FB1A5C1D247D}.Release|x64.Build.0 = Release|Any CPU
		{2B0A0C15-B127-4BCE-AE1E-FB1A5C1D247D}.Release|x86.ActiveCfg = Release|Any CPU
		{2B0A0C15-B127-4BCE-AE1E-FB1A5C1D247D}.Release|x86.Build.0 = Release|Any CPU
		{D5C62D45-1A0B-4FBC-962B-738EFCA8C530}.Debug|Any CPU.ActiveCfg = Debug|Any CPU
		{D5C62D45-1A0B-4FBC-962B-738EFCA8C530}.Debug|Any CPU.Build.0 = Debug|Any CPU
		{D5C62D45-1A0B-4FBC-962B-738EFCA8C530}.Debug|x64.ActiveCfg = Debug|Any CPU
		{D5C62D45-1A0B-4FBC-962B-738EFCA8C530}.Debug|x64.Build.0 = Debug|Any CPU
		{D5C62D45-1A0B-4FBC-962B-738EFCA8C530}.Debug|x86.ActiveCfg = Debug|Any CPU
		{D5C62D45-1A0B-4FBC-962B-738EFCA8C530}.Debug|x86.Build.0 = Debug|Any CPU
		{D5C62D45-1A0B-4FBC-962B-738EFCA8C530}.Release|Any CPU.ActiveCfg = Release|Any CPU
		{D5C62D45-1A0B-4FBC-962B-738EFCA8C530}.Release|Any CPU.Build.0 = Release|Any CPU
		{D5C62D45-1A0B-4FBC-962B-738EFCA8C530}.Release|x64.ActiveCfg = Release|Any CPU
		{D5C62D45-1A0B-4FBC-962B-738EFCA8C530}.Release|x64.Build.0 = Release|Any CPU
		{D5C62D45-1A0B-4FBC-962B-738EFCA8C530}.Release|x86.ActiveCfg = Release|Any CPU
		{D5C62D45-1A0B-4FBC-962B-738EFCA8C530}.Release|x86.Build.0 = Release|Any CPU
		{ADC2646A-65A7-4D93-8BD7-9A8E833F3B39}.Debug|Any CPU.ActiveCfg = Debug|Any CPU
		{ADC2646A-65A7-4D93-8BD7-9A8E833F3B39}.Debug|Any CPU.Build.0 = Debug|Any CPU
		{ADC2646A-65A7-4D93-8BD7-9A8E833F3B39}.Debug|x64.ActiveCfg = Debug|Any CPU
		{ADC2646A-65A7-4D93-8BD7-9A8E833F3B39}.Debug|x64.Build.0 = Debug|Any CPU
		{ADC2646A-65A7-4D93-8BD7-9A8E833F3B39}.Debug|x86.ActiveCfg = Debug|Any CPU
		{ADC2646A-65A7-4D93-8BD7-9A8E833F3B39}.Debug|x86.Build.0 = Debug|Any CPU
		{ADC2646A-65A7-4D93-8BD7-9A8E833F3B39}.Release|Any CPU.ActiveCfg = Release|Any CPU
		{ADC2646A-65A7-4D93-8BD7-9A8E833F3B39}.Release|Any CPU.Build.0 = Release|Any CPU
		{ADC2646A-65A7-4D93-8BD7-9A8E833F3B39}.Release|x64.ActiveCfg = Release|Any CPU
		{ADC2646A-65A7-4D93-8BD7-9A8E833F3B39}.Release|x64.Build.0 = Release|Any CPU
		{ADC2646A-65A7-4D93-8BD7-9A8E833F3B39}.Release|x86.ActiveCfg = Release|Any CPU
		{ADC2646A-65A7-4D93-8BD7-9A8E833F3B39}.Release|x86.Build.0 = Release|Any CPU
		{996C08F3-14CD-49BF-8836-3B72BC0CFC8E}.Debug|Any CPU.ActiveCfg = Debug|Any CPU
		{996C08F3-14CD-49BF-8836-3B72BC0CFC8E}.Debug|Any CPU.Build.0 = Debug|Any CPU
		{996C08F3-14CD-49BF-8836-3B72BC0CFC8E}.Debug|x64.ActiveCfg = Debug|Any CPU
		{996C08F3-14CD-49BF-8836-3B72BC0CFC8E}.Debug|x64.Build.0 = Debug|Any CPU
		{996C08F3-14CD-49BF-8836-3B72BC0CFC8E}.Debug|x86.ActiveCfg = Debug|Any CPU
		{996C08F3-14CD-49BF-8836-3B72BC0CFC8E}.Debug|x86.Build.0 = Debug|Any CPU
		{996C08F3-14CD-49BF-8836-3B72BC0CFC8E}.Release|Any CPU.ActiveCfg = Release|Any CPU
		{996C08F3-14CD-49BF-8836-3B72BC0CFC8E}.Release|Any CPU.Build.0 = Release|Any CPU
		{996C08F3-14CD-49BF-8836-3B72BC0CFC8E}.Release|x64.ActiveCfg = Release|Any CPU
		{996C08F3-14CD-49BF-8836-3B72BC0CFC8E}.Release|x64.Build.0 = Release|Any CPU
		{996C08F3-14CD-49BF-8836-3B72BC0CFC8E}.Release|x86.ActiveCfg = Release|Any CPU
		{996C08F3-14CD-49BF-8836-3B72BC0CFC8E}.Release|x86.Build.0 = Release|Any CPU
		{91AB9682-EFA0-4159-8D5B-0B025308DB4D}.Debug|Any CPU.ActiveCfg = Debug|Any CPU
		{91AB9682-EFA0-4159-8D5B-0B025308DB4D}.Debug|Any CPU.Build.0 = Debug|Any CPU
		{91AB9682-EFA0-4159-8D5B-0B025308DB4D}.Debug|x64.ActiveCfg = Debug|Any CPU
		{91AB9682-EFA0-4159-8D5B-0B025308DB4D}.Debug|x64.Build.0 = Debug|Any CPU
		{91AB9682-EFA0-4159-8D5B-0B025308DB4D}.Debug|x86.ActiveCfg = Debug|Any CPU
		{91AB9682-EFA0-4159-8D5B-0B025308DB4D}.Debug|x86.Build.0 = Debug|Any CPU
		{91AB9682-EFA0-4159-8D5B-0B025308DB4D}.Release|Any CPU.ActiveCfg = Release|Any CPU
		{91AB9682-EFA0-4159-8D5B-0B025308DB4D}.Release|Any CPU.Build.0 = Release|Any CPU
		{91AB9682-EFA0-4159-8D5B-0B025308DB4D}.Release|x64.ActiveCfg = Release|Any CPU
		{91AB9682-EFA0-4159-8D5B-0B025308DB4D}.Release|x64.Build.0 = Release|Any CPU
		{91AB9682-EFA0-4159-8D5B-0B025308DB4D}.Release|x86.ActiveCfg = Release|Any CPU
		{91AB9682-EFA0-4159-8D5B-0B025308DB4D}.Release|x86.Build.0 = Release|Any CPU
		{8BA8B4AD-2927-458B-8F2B-1A43E1F0DD73}.Debug|Any CPU.ActiveCfg = Debug|Any CPU
		{8BA8B4AD-2927-458B-8F2B-1A43E1F0DD73}.Debug|Any CPU.Build.0 = Debug|Any CPU
		{8BA8B4AD-2927-458B-8F2B-1A43E1F0DD73}.Debug|x64.ActiveCfg = Debug|Any CPU
		{8BA8B4AD-2927-458B-8F2B-1A43E1F0DD73}.Debug|x64.Build.0 = Debug|Any CPU
		{8BA8B4AD-2927-458B-8F2B-1A43E1F0DD73}.Debug|x86.ActiveCfg = Debug|Any CPU
		{8BA8B4AD-2927-458B-8F2B-1A43E1F0DD73}.Debug|x86.Build.0 = Debug|Any CPU
		{8BA8B4AD-2927-458B-8F2B-1A43E1F0DD73}.Release|Any CPU.ActiveCfg = Release|Any CPU
		{8BA8B4AD-2927-458B-8F2B-1A43E1F0DD73}.Release|Any CPU.Build.0 = Release|Any CPU
		{8BA8B4AD-2927-458B-8F2B-1A43E1F0DD73}.Release|x64.ActiveCfg = Release|Any CPU
		{8BA8B4AD-2927-458B-8F2B-1A43E1F0DD73}.Release|x64.Build.0 = Release|Any CPU
		{8BA8B4AD-2927-458B-8F2B-1A43E1F0DD73}.Release|x86.ActiveCfg = Release|Any CPU
		{8BA8B4AD-2927-458B-8F2B-1A43E1F0DD73}.Release|x86.Build.0 = Release|Any CPU
	EndGlobalSection
	GlobalSection(SolutionProperties) = preSolution
		HideSolutionNode = FALSE
	EndGlobalSection
	GlobalSection(NestedProjects) = preSolution
		{FA3675CE-51A4-4A92-8D8A-6B47CE450449} = {827E0CD3-B72D-47B6-A68D-7590B98EB39B}
		{DC2D9BCE-4EEB-42D0-B4E1-C0AE3C74E66E} = {827E0CD3-B72D-47B6-A68D-7590B98EB39B}
		{C1964D0D-6488-4BAC-B9F3-D19A4620F973} = {827E0CD3-B72D-47B6-A68D-7590B98EB39B}
		{36DED676-49D6-4BAE-B7F6-47872EDA47B8} = {827E0CD3-B72D-47B6-A68D-7590B98EB39B}
		{06E2D454-0F34-45F1-8A1E-22EE21F7E3BF} = {827E0CD3-B72D-47B6-A68D-7590B98EB39B}
		{93A217F5-E9A4-474F-960F-ACB886E2ABD9} = {0AB3BF05-4346-4AA6-1389-037BE0695223}
		{2EEF5971-E0AE-4361-AA17-9BA8C72CE60B} = {0AB3BF05-4346-4AA6-1389-037BE0695223}
		{2CD1D8F5-34A1-4470-8863-561A9FE40897} = {0AB3BF05-4346-4AA6-1389-037BE0695223}
		{9DB5C945-FD1F-4462-B6F3-471BA8F1D78F} = {827E0CD3-B72D-47B6-A68D-7590B98EB39B}
		{F3E69368-7575-41CE-A555-C0C91E821B32} = {0AB3BF05-4346-4AA6-1389-037BE0695223}
		{D44B6C58-336C-41F9-868E-6451F852997E} = {0AB3BF05-4346-4AA6-1389-037BE0695223}
		{2B0A0C15-B127-4BCE-AE1E-FB1A5C1D247D} = {0AB3BF05-4346-4AA6-1389-037BE0695223}
		{D5C62D45-1A0B-4FBC-962B-738EFCA8C530} = {827E0CD3-B72D-47B6-A68D-7590B98EB39B}
		{ADC2646A-65A7-4D93-8BD7-9A8E833F3B39} = {0AB3BF05-4346-4AA6-1389-037BE0695223}
		{996C08F3-14CD-49BF-8836-3B72BC0CFC8E} = {827E0CD3-B72D-47B6-A68D-7590B98EB39B}
		{91AB9682-EFA0-4159-8D5B-0B025308DB4D} = {0AB3BF05-4346-4AA6-1389-037BE0695223}
		{8BA8B4AD-2927-458B-8F2B-1A43E1F0DD73} = {0AB3BF05-4346-4AA6-1389-037BE0695223}
	EndGlobalSection
EndGlobal
