
Microsoft Visual Studio Solution File, Format Version 12.00
# Visual Studio Version 18
VisualStudioVersion = 18.6.11819.183
MinimumVisualStudioVersion = 10.0.40219.1
Project("{2150E333-8FDC-42A3-9474-1A3956D46DE8}") = "1-Contracts", "1-Contracts", "{A1B2C3D4-E5F6-7890-ABCD-100000000001}"
EndProject
Project("{2150E333-8FDC-42A3-9474-1A3956D46DE8}") = "3-Core", "3-Core", "{A1B2C3D4-E5F6-7890-ABCD-100000000003}"
EndProject
Project("{2150E333-8FDC-42A3-9474-1A3956D46DE8}") = "4-Engine", "4-Engine", "{A1B2C3D4-E5F6-7890-ABCD-100000000004}"
EndProject
Project("{FAE04EC0-301F-11D3-BF4B-00C04F79EFBC}") = "OpenAgent.Contracts", "..\Agent.Contracts\OpenAgent.Contracts.csproj", "{39BC507C-FE04-4BE0-8E2F-88805C8F9503}"
EndProject
Project("{FAE04EC0-301F-11D3-BF4B-00C04F79EFBC}") = "OpenAgent.Hosting", "..\Agent.Hosting\src\OpenAgent.Hosting.csproj", "{AF5C0E63-77A8-4D77-A6E9-485426ADD5E4}"
EndProject
Project("{FAE04EC0-301F-11D3-BF4B-00C04F79EFBC}") = "OpenAgent.Core", "..\Agent.Core\src\Core\OpenAgent.Core.csproj", "{D264E471-FF6E-46AD-B7B6-392F1FB45A0D}"
EndProject
Project("{FAE04EC0-301F-11D3-BF4B-00C04F79EFBC}") = "OpenAgent.Engine", "src\Engine\OpenAgent.Engine.csproj", "{F707094D-DAFC-4947-B167-666820035DE3}"
EndProject
Project("{FAE04EC0-301F-11D3-BF4B-00C04F79EFBC}") = "OpenAgent.Core.Engine.Host", "src\Host\OpenAgent.Core.Engine.Host.csproj", "{A1B2C3D4-E5F6-7890-ABCD-333333333333}"
EndProject
Project("{2150E333-8FDC-42A3-9474-1A3956D46DE8}") = "test", "test", "{0C88DD14-F956-CE84-757C-A364CCF449FC}"
EndProject
Project("{FAE04EC0-301F-11D3-BF4B-00C04F79EFBC}") = "OpenAgent.Engine.Tests", "test\OpenAgent.Engine.Tests\OpenAgent.Engine.Tests.csproj", "{41FA78A5-A49B-4B8E-B6C1-3C942BE7173C}"
EndProject
Global
	GlobalSection(SolutionConfigurationPlatforms) = preSolution
		Debug|Any CPU = Debug|Any CPU
		Debug|x64 = Debug|x64
		Debug|x86 = Debug|x86
		Release|Any CPU = Release|Any CPU
		Release|x64 = Release|x64
		Release|x86 = Release|x86
	EndGlobalSection
	GlobalSection(ProjectConfigurationPlatforms) = postSolution
		{39BC507C-FE04-4BE0-8E2F-88805C8F9503}.Debug|Any CPU.ActiveCfg = Debug|Any CPU
		{39BC507C-FE04-4BE0-8E2F-88805C8F9503}.Debug|Any CPU.Build.0 = Debug|Any CPU
		{39BC507C-FE04-4BE0-8E2F-88805C8F9503}.Debug|x64.ActiveCfg = Debug|Any CPU
		{39BC507C-FE04-4BE0-8E2F-88805C8F9503}.Debug|x64.Build.0 = Debug|Any CPU
		{39BC507C-FE04-4BE0-8E2F-88805C8F9503}.Debug|x86.ActiveCfg = Debug|Any CPU
		{39BC507C-FE04-4BE0-8E2F-88805C8F9503}.Debug|x86.Build.0 = Debug|Any CPU
		{39BC507C-FE04-4BE0-8E2F-88805C8F9503}.Release|Any CPU.ActiveCfg = Release|Any CPU
		{39BC507C-FE04-4BE0-8E2F-88805C8F9503}.Release|Any CPU.Build.0 = Release|Any CPU
		{39BC507C-FE04-4BE0-8E2F-88805C8F9503}.Release|x64.ActiveCfg = Release|Any CPU
		{39BC507C-FE04-4BE0-8E2F-88805C8F9503}.Release|x64.Build.0 = Release|Any CPU
		{39BC507C-FE04-4BE0-8E2F-88805C8F9503}.Release|x86.ActiveCfg = Release|Any CPU
		{39BC507C-FE04-4BE0-8E2F-88805C8F9503}.Release|x86.Build.0 = Release|Any CPU
		{AF5C0E63-77A8-4D77-A6E9-485426ADD5E4}.Debug|Any CPU.ActiveCfg = Debug|Any CPU
		{AF5C0E63-77A8-4D77-A6E9-485426ADD5E4}.Debug|Any CPU.Build.0 = Debug|Any CPU
		{AF5C0E63-77A8-4D77-A6E9-485426ADD5E4}.Debug|x64.ActiveCfg = Debug|Any CPU
		{AF5C0E63-77A8-4D77-A6E9-485426ADD5E4}.Debug|x64.Build.0 = Debug|Any CPU
		{AF5C0E63-77A8-4D77-A6E9-485426ADD5E4}.Debug|x86.ActiveCfg = Debug|Any CPU
		{AF5C0E63-77A8-4D77-A6E9-485426ADD5E4}.Debug|x86.Build.0 = Debug|Any CPU
		{AF5C0E63-77A8-4D77-A6E9-485426ADD5E4}.Release|Any CPU.ActiveCfg = Release|Any CPU
		{AF5C0E63-77A8-4D77-A6E9-485426ADD5E4}.Release|Any CPU.Build.0 = Release|Any CPU
		{AF5C0E63-77A8-4D77-A6E9-485426ADD5E4}.Release|x64.ActiveCfg = Release|Any CPU
		{AF5C0E63-77A8-4D77-A6E9-485426ADD5E4}.Release|x64.Build.0 = Release|Any CPU
		{AF5C0E63-77A8-4D77-A6E9-485426ADD5E4}.Release|x86.ActiveCfg = Release|Any CPU
		{AF5C0E63-77A8-4D77-A6E9-485426ADD5E4}.Release|x86.Build.0 = Release|Any CPU
		{D264E471-FF6E-46AD-B7B6-392F1FB45A0D}.Debug|Any CPU.ActiveCfg = Debug|Any CPU
		{D264E471-FF6E-46AD-B7B6-392F1FB45A0D}.Debug|Any CPU.Build.0 = Debug|Any CPU
		{D264E471-FF6E-46AD-B7B6-392F1FB45A0D}.Debug|x64.ActiveCfg = Debug|Any CPU
		{D264E471-FF6E-46AD-B7B6-392F1FB45A0D}.Debug|x64.Build.0 = Debug|Any CPU
		{D264E471-FF6E-46AD-B7B6-392F1FB45A0D}.Debug|x86.ActiveCfg = Debug|Any CPU
		{D264E471-FF6E-46AD-B7B6-392F1FB45A0D}.Debug|x86.Build.0 = Debug|Any CPU
		{D264E471-FF6E-46AD-B7B6-392F1FB45A0D}.Release|Any CPU.ActiveCfg = Release|Any CPU
		{D264E471-FF6E-46AD-B7B6-392F1FB45A0D}.Release|Any CPU.Build.0 = Release|Any CPU
		{D264E471-FF6E-46AD-B7B6-392F1FB45A0D}.Release|x64.ActiveCfg = Release|Any CPU
		{D264E471-FF6E-46AD-B7B6-392F1FB45A0D}.Release|x64.Build.0 = Release|Any CPU
		{D264E471-FF6E-46AD-B7B6-392F1FB45A0D}.Release|x86.ActiveCfg = Release|Any CPU
		{D264E471-FF6E-46AD-B7B6-392F1FB45A0D}.Release|x86.Build.0 = Release|Any CPU
		{F707094D-DAFC-4947-B167-666820035DE3}.Debug|Any CPU.ActiveCfg = Debug|Any CPU
		{F707094D-DAFC-4947-B167-666820035DE3}.Debug|Any CPU.Build.0 = Debug|Any CPU
		{F707094D-DAFC-4947-B167-666820035DE3}.Debug|x64.ActiveCfg = Debug|Any CPU
		{F707094D-DAFC-4947-B167-666820035DE3}.Debug|x64.Build.0 = Debug|Any CPU
		{F707094D-DAFC-4947-B167-666820035DE3}.Debug|x86.ActiveCfg = Debug|Any CPU
		{F707094D-DAFC-4947-B167-666820035DE3}.Debug|x86.Build.0 = Debug|Any CPU
		{F707094D-DAFC-4947-B167-666820035DE3}.Release|Any CPU.ActiveCfg = Release|Any CPU
		{F707094D-DAFC-4947-B167-666820035DE3}.Release|Any CPU.Build.0 = Release|Any CPU
		{F707094D-DAFC-4947-B167-666820035DE3}.Release|x64.ActiveCfg = Release|Any CPU
		{F707094D-DAFC-4947-B167-666820035DE3}.Release|x64.Build.0 = Release|Any CPU
		{F707094D-DAFC-4947-B167-666820035DE3}.Release|x86.ActiveCfg = Release|Any CPU
		{F707094D-DAFC-4947-B167-666820035DE3}.Release|x86.Build.0 = Release|Any CPU
		{A1B2C3D4-E5F6-7890-ABCD-333333333333}.Debug|Any CPU.ActiveCfg = Debug|Any CPU
		{A1B2C3D4-E5F6-7890-ABCD-333333333333}.Debug|Any CPU.Build.0 = Debug|Any CPU
		{A1B2C3D4-E5F6-7890-ABCD-333333333333}.Debug|x64.ActiveCfg = Debug|Any CPU
		{A1B2C3D4-E5F6-7890-ABCD-333333333333}.Debug|x64.Build.0 = Debug|Any CPU
		{A1B2C3D4-E5F6-7890-ABCD-333333333333}.Debug|x86.ActiveCfg = Debug|Any CPU
		{A1B2C3D4-E5F6-7890-ABCD-333333333333}.Debug|x86.Build.0 = Debug|Any CPU
		{A1B2C3D4-E5F6-7890-ABCD-333333333333}.Release|Any CPU.ActiveCfg = Release|Any CPU
		{A1B2C3D4-E5F6-7890-ABCD-333333333333}.Release|Any CPU.Build.0 = Release|Any CPU
		{A1B2C3D4-E5F6-7890-ABCD-333333333333}.Release|x64.ActiveCfg = Release|Any CPU
		{A1B2C3D4-E5F6-7890-ABCD-333333333333}.Release|x64.Build.0 = Release|Any CPU
		{A1B2C3D4-E5F6-7890-ABCD-333333333333}.Release|x86.ActiveCfg = Release|Any CPU
		{A1B2C3D4-E5F6-7890-ABCD-333333333333}.Release|x86.Build.0 = Release|Any CPU
		{41FA78A5-A49B-4B8E-B6C1-3C942BE7173C}.Debug|Any CPU.ActiveCfg = Debug|Any CPU
		{41FA78A5-A49B-4B8E-B6C1-3C942BE7173C}.Debug|Any CPU.Build.0 = Debug|Any CPU
		{41FA78A5-A49B-4B8E-B6C1-3C942BE7173C}.Debug|x64.ActiveCfg = Debug|Any CPU
		{41FA78A5-A49B-4B8E-B6C1-3C942BE7173C}.Debug|x64.Build.0 = Debug|Any CPU
		{41FA78A5-A49B-4B8E-B6C1-3C942BE7173C}.Debug|x86.ActiveCfg = Debug|Any CPU
		{41FA78A5-A49B-4B8E-B6C1-3C942BE7173C}.Debug|x86.Build.0 = Debug|Any CPU
		{41FA78A5-A49B-4B8E-B6C1-3C942BE7173C}.Release|Any CPU.ActiveCfg = Release|Any CPU
		{41FA78A5-A49B-4B8E-B6C1-3C942BE7173C}.Release|Any CPU.Build.0 = Release|Any CPU
		{41FA78A5-A49B-4B8E-B6C1-3C942BE7173C}.Release|x64.ActiveCfg = Release|Any CPU
		{41FA78A5-A49B-4B8E-B6C1-3C942BE7173C}.Release|x64.Build.0 = Release|Any CPU
		{41FA78A5-A49B-4B8E-B6C1-3C942BE7173C}.Release|x86.ActiveCfg = Release|Any CPU
		{41FA78A5-A49B-4B8E-B6C1-3C942BE7173C}.Release|x86.Build.0 = Release|Any CPU
	EndGlobalSection
	GlobalSection(SolutionProperties) = preSolution
		HideSolutionNode = FALSE
	EndGlobalSection
	GlobalSection(NestedProjects) = preSolution
		{39BC507C-FE04-4BE0-8E2F-88805C8F9503} = {A1B2C3D4-E5F6-7890-ABCD-100000000001}
		{AF5C0E63-77A8-4D77-A6E9-485426ADD5E4} = {A1B2C3D4-E5F6-7890-ABCD-100000000004}
		{D264E471-FF6E-46AD-B7B6-392F1FB45A0D} = {A1B2C3D4-E5F6-7890-ABCD-100000000003}
		{F707094D-DAFC-4947-B167-666820035DE3} = {A1B2C3D4-E5F6-7890-ABCD-100000000004}
		{A1B2C3D4-E5F6-7890-ABCD-333333333333} = {A1B2C3D4-E5F6-7890-ABCD-100000000004}
		{41FA78A5-A49B-4B8E-B6C1-3C942BE7173C} = {0C88DD14-F956-CE84-757C-A364CCF449FC}
	EndGlobalSection
	GlobalSection(ExtensibilityGlobals) = postSolution
		SolutionGuid = {36F6D18A-AF3C-4E22-AC2E-6AF57F75281D}
	EndGlobalSection
EndGlobal
