
Microsoft Visual Studio Solution File, Format Version 12.00
# Visual Studio Version 18
VisualStudioVersion = 18.4.11626.88
MinimumVisualStudioVersion = 10.0.40219.1
Project("{2150E333-8FDC-42A3-9474-1A3956D46DE8}") = "src", "src", "{B1B2C3D4-E5F6-7890-ABCD-111111111111}"
EndProject
Project("{FAE04EC0-301F-11D3-BF4B-00C04F79EFBC}") = "OpenAgent.Core", "src\Core\OpenAgent.Core.csproj", "{C1C2C3D4-E5F6-7890-ABCD-222222222222}"
EndProject
Project("{FAE04EC0-301F-11D3-BF4B-00C04F79EFBC}") = "OpenAgent.Contracts", "..\Agent.Contracts\OpenAgent.Contracts.csproj", "{39BC507C-FE04-4BE0-8E2F-88805C8F9503}"
EndProject
Project("{2150E333-8FDC-42A3-9474-1A3956D46DE8}") = "test", "test", "{0C88DD14-F956-CE84-757C-A364CCF449FC}"
EndProject
Project("{FAE04EC0-301F-11D3-BF4B-00C04F79EFBC}") = "OpenAgent.Core.Tests", "test\OpenAgent.Core.Tests\OpenAgent.Core.Tests.csproj", "{78394BAE-8819-44C4-AFFD-0B5B36C91E57}"
EndProject
Global
	GlobalSection(SolutionConfigurationPlatforms) = preSolution
		Debug|Any CPU = Debug|Any CPU
		Debug|x64 = Debug|x64
		Debug|x86 = Debug|x86
		Release|Any CPU = Release|Any CPU
		Release|x64 = Release|x64
		Release|x86 = Release|x86
	EndGlobalSection
	GlobalSection(ProjectConfigurationPlatforms) = postSolution
		{C1C2C3D4-E5F6-7890-ABCD-222222222222}.Debug|Any CPU.ActiveCfg = Debug|Any CPU
		{C1C2C3D4-E5F6-7890-ABCD-222222222222}.Debug|Any CPU.Build.0 = Debug|Any CPU
		{C1C2C3D4-E5F6-7890-ABCD-222222222222}.Debug|x64.ActiveCfg = Debug|Any CPU
		{C1C2C3D4-E5F6-7890-ABCD-222222222222}.Debug|x64.Build.0 = Debug|Any CPU
		{C1C2C3D4-E5F6-7890-ABCD-222222222222}.Debug|x86.ActiveCfg = Debug|Any CPU
		{C1C2C3D4-E5F6-7890-ABCD-222222222222}.Debug|x86.Build.0 = Debug|Any CPU
		{C1C2C3D4-E5F6-7890-ABCD-222222222222}.Release|Any CPU.ActiveCfg = Release|Any CPU
		{C1C2C3D4-E5F6-7890-ABCD-222222222222}.Release|Any CPU.Build.0 = Release|Any CPU
		{C1C2C3D4-E5F6-7890-ABCD-222222222222}.Release|x64.ActiveCfg = Release|Any CPU
		{C1C2C3D4-E5F6-7890-ABCD-222222222222}.Release|x64.Build.0 = Release|Any CPU
		{C1C2C3D4-E5F6-7890-ABCD-222222222222}.Release|x86.ActiveCfg = Release|Any CPU
		{C1C2C3D4-E5F6-7890-ABCD-222222222222}.Release|x86.Build.0 = Release|Any CPU
		{39BC507C-FE04-4BE0-8E2F-88805C8F9503}.Debug|Any CPU.ActiveCfg = Debug|Any CPU
		{39BC507C-FE04-4BE0-8E2F-88805C8F9503}.Debug|Any CPU.Build.0 = Debug|Any CPU
		{39BC507C-FE04-4BE0-8E2F-88805C8F9503}.Debug|x64.ActiveCfg = Debug|Any CPU
		{39BC507C-FE04-4BE0-8E2F-88805C8F9503}.Debug|x64.Build.0 = Debug|Any CPU
		{39BC507C-FE04-4BE0-8E2F-88805C8F9503}.Debug|x86.ActiveCfg = Debug|Any CPU
		{39BC507C-FE04-4BE0-8E2F-88805C8F9503}.Debug|x86.Build.0 = Debug|Any CPU
		{39BC507C-FE04-4BE0-8E2F-88805C8F9503}.Release|Any CPU.ActiveCfg = Release|Any CPU
		{39BC507C-FE04-4BE0-8E2F-88805C8F9503}.Release|Any CPU.Build.0 = Release|Any CPU
		{39BC507C-FE04-4BE0-8E2F-88805C8F9503}.Release|x64.ActiveCfg = Release|Any CPU
		{39BC507C-FE04-4BE0-8E2F-88805C8F9503}.Release|x64.Build.0 = Release|Any CPU
		{39BC507C-FE04-4BE0-8E2F-88805C8F9503}.Release|x86.ActiveCfg = Release|Any CPU
		{39BC507C-FE04-4BE0-8E2F-88805C8F9503}.Release|x86.Build.0 = Release|Any CPU
		{78394BAE-8819-44C4-AFFD-0B5B36C91E57}.Debug|Any CPU.ActiveCfg = Debug|Any CPU
		{78394BAE-8819-44C4-AFFD-0B5B36C91E57}.Debug|Any CPU.Build.0 = Debug|Any CPU
		{78394BAE-8819-44C4-AFFD-0B5B36C91E57}.Debug|x64.ActiveCfg = Debug|Any CPU
		{78394BAE-8819-44C4-AFFD-0B5B36C91E57}.Debug|x64.Build.0 = Debug|Any CPU
		{78394BAE-8819-44C4-AFFD-0B5B36C91E57}.Debug|x86.ActiveCfg = Debug|Any CPU
		{78394BAE-8819-44C4-AFFD-0B5B36C91E57}.Debug|x86.Build.0 = Debug|Any CPU
		{78394BAE-8819-44C4-AFFD-0B5B36C91E57}.Release|Any CPU.ActiveCfg = Release|Any CPU
		{78394BAE-8819-44C4-AFFD-0B5B36C91E57}.Release|Any CPU.Build.0 = Release|Any CPU
		{78394BAE-8819-44C4-AFFD-0B5B36C91E57}.Release|x64.ActiveCfg = Release|Any CPU
		{78394BAE-8819-44C4-AFFD-0B5B36C91E57}.Release|x64.Build.0 = Release|Any CPU
		{78394BAE-8819-44C4-AFFD-0B5B36C91E57}.Release|x86.ActiveCfg = Release|Any CPU
		{78394BAE-8819-44C4-AFFD-0B5B36C91E57}.Release|x86.Build.0 = Release|Any CPU
	EndGlobalSection
	GlobalSection(SolutionProperties) = preSolution
		HideSolutionNode = FALSE
	EndGlobalSection
	GlobalSection(NestedProjects) = preSolution
		{C1C2C3D4-E5F6-7890-ABCD-222222222222} = {B1B2C3D4-E5F6-7890-ABCD-111111111111}
		{78394BAE-8819-44C4-AFFD-0B5B36C91E57} = {0C88DD14-F956-CE84-757C-A364CCF449FC}
	EndGlobalSection
	GlobalSection(ExtensibilityGlobals) = postSolution
		SolutionGuid = {A1B2C3D4-E5F6-7890-ABCD-999999999999}
	EndGlobalSection
EndGlobal
